// !$*UTF8*$!
{
	archiveVersion = 1;
	classes = {
	};
	objectVersion = 56;
	objects = {

/* Begin PBXBuildFile section */
		0C46EC59299DAE9D007EC6C7 /* AppDelegate.swift in Sources */ = {isa = PBXBuildFile; fileRef = 0C46EC58299DAE9D007EC6C7 /* AppDelegate.swift */; };
		0C46EC5B299DAE9D007EC6C7 /* SceneDelegate.swift in Sources */ = {isa = PBXBuildFile; fileRef = 0C46EC5A299DAE9D007EC6C7 /* SceneDelegate.swift */; };
		0C46EC5D299DAE9D007EC6C7 /* ViewController.swift in Sources */ = {isa = PBXBuildFile; fileRef = 0C46EC5C299DAE9D007EC6C7 /* ViewController.swift */; };
		0C46EC60299DAE9E007EC6C7 /* Main.storyboard in Resources */ = {isa = PBXBuildFile; fileRef = 0C46EC5E299DAE9E007EC6C7 /* Main.storyboard */; };
		0C46EC62299DAE9F007EC6C7 /* Assets.xcassets in Resources */ = {isa = PBXBuildFile; fileRef = 0C46EC61299DAE9F007EC6C7 /* Assets.xcassets */; };
		0C46EC65299DAE9F007EC6C7 /* LaunchScreen.storyboard in Resources */ = {isa = PBXBuildFile; fileRef = 0C46EC63299DAE9F007EC6C7 /* LaunchScreen.storyboard */; };
		0C46EC70299DAEA0007EC6C7 /* GuidedLightTests.swift in Sources */ = {isa = PBXBuildFile; fileRef = 0C46EC6F299DAEA0007EC6C7 /* GuidedLightTests.swift */; };
		0C46EC7A299DAEA0007EC6C7 /* GuidedLightUITests.swift in Sources */ = {isa = PBXBuildFile; fileRef = 0C46EC79299DAEA0007EC6C7 /* GuidedLightUITests.swift */; };
		0C46EC7C299DAEA0007EC6C7 /* GuidedLightUITestsLaunchTests.swift in Sources */ = {isa = PBXBuildFile; fileRef = 0C46EC7B299DAEA0007EC6C7 /* GuidedLightUITestsLaunchTests.swift */; };
/* End PBXBuildFile section */

/* Begin PBXContainerItemProxy section */
		0C46EC6C299DAEA0007EC6C7 /* PBXContainerItemProxy */ = {
			isa = PBXContainerItemProxy;
			containerPortal = 0C46EC4D299DAE9D007EC6C7 /* Project object */;
			proxyType = 1;
			remoteGlobalIDString = 0C46EC54299DAE9D007EC6C7;
			remoteInfo = GuidedLight;
		};
		0C46EC76299DAEA0007EC6C7 /* PBXContainerItemProxy */ = {
			isa = PBXContainerItemProxy;
			containerPortal = 0C46EC4D299DAE9D007EC6C7 /* Project object */;
			proxyType = 1;
			remoteGlobalIDString = 0C46EC54299DAE9D007EC6C7;
			remoteInfo = GuidedLight;
		};
/* End PBXContainerItemProxy section */

/* Begin PBXFileReference section */
		0C46EC55299DAE9D007EC6C7 /* GuidedLight.app */ = {isa = PBXFileReference; explicitFileType = wrapper.application; includeInIndex = 0; path = GuidedLight.app; sourceTree = BUILT_PRODUCTS_DIR; };
		0C46EC58299DAE9D007EC6C7 /* AppDelegate.swift */ = {isa = PBXFileReference; lastKnownFileType = sourcecode.swift; path = AppDelegate.swift; sourceTree = "<group>"; };
		0C46EC5A299DAE9D007EC6C7 /* SceneDelegate.swift */ = {isa = PBXFileReference; lastKnownFileType = sourcecode.swift; path = SceneDelegate.swift; sourceTree = "<group>"; };
		0C46EC5C299DAE9D007EC6C7 /* ViewController.swift */ = {isa = PBXFileReference; lastKnownFileType = sourcecode.swift; path = ViewController.swift; sourceTree = "<group>"; };
		0C46EC5F299DAE9E007EC6C7 /* Base */ = {isa = PBXFileReference; lastKnownFileType = file.storyboard; name = Base; path = Base.lproj/Main.storyboard; sourceTree = "<group>"; };
		0C46EC61299DAE9F007EC6C7 /* Assets.xcassets */ = {isa = PBXFileReference; lastKnownFileType = folder.assetcatalog; path = Assets.xcassets; sourceTree = "<group>"; };
		0C46EC64299DAE9F007EC6C7 /* Base */ = {isa = PBXFileReference; lastKnownFileType = file.storyboard; name = Base; path = Base.lproj/LaunchScreen.storyboard; sourceTree = "<group>"; };
		0C46EC66299DAE9F007EC6C7 /* Info.plist */ = {isa = PBXFileReference; lastKnownFileType = text.plist.xml; path = Info.plist; sourceTree = "<group>"; };
		0C46EC6B299DAEA0007EC6C7 /* GuidedLightTests.xctest */ = {isa = PBXFileReference; explicitFileType = wrapper.cfbundle; includeInIndex = 0; path = GuidedLightTests.xctest; sourceTree = BUILT_PRODUCTS_DIR; };
		0C46EC6F299DAEA0007EC6C7 /* GuidedLightTests.swift */ = {isa = PBXFileReference; lastKnownFileType = sourcecode.swift; path = GuidedLightTests.swift; sourceTree = "<group>"; };
		0C46EC75299DAEA0007EC6C7 /* GuidedLightUITests.xctest */ = {isa = PBXFileReference; explicitFileType = wrapper.cfbundle; includeInIndex = 0; path = GuidedLightUITests.xctest; sourceTree = BUILT_PRODUCTS_DIR; };
		0C46EC79299DAEA0007EC6C7 /* GuidedLightUITests.swift */ = {isa = PBXFileReference; lastKnownFileType = sourcecode.swift; path = GuidedLightUITests.swift; sourceTree = "<group>"; };
		0C46EC7B299DAEA0007EC6C7 /* GuidedLightUITestsLaunchTests.swift */ = {isa = PBXFileReference; lastKnownFileType = sourcecode.swift; path = GuidedLightUITestsLaunchTests.swift; sourceTree = "<group>"; };
/* End PBXFileReference section */

/* Begin PBXFrameworksBuildPhase section */
		0C46EC52299DAE9D007EC6C7 /* Frameworks */ = {
			isa = PBXFrameworksBuildPhase;
			buildActionMask = 2147483647;
			files = (
			);
			runOnlyForDeploymentPostprocessing = 0;
		};
		0C46EC68299DAEA0007EC6C7 /* Frameworks */ = {
			isa = PBXFrameworksBuildPhase;
			buildActionMask = 2147483647;
			files = (
			);
			runOnlyForDeploymentPostprocessing = 0;
		};
		0C46EC72299DAEA0007EC6C7 /* Frameworks */ = {
			isa = PBXFrameworksBuildPhase;
			buildActionMask = 2147483647;
			files = (
			);
			runOnlyForDeploymentPostprocessing = 0;
		};
/* End PBXFrameworksBuildPhase section */

/* Begin PBXGroup section */
		0C46EC4C299DAE9D007EC6C7 = {
			isa = PBXGroup;
			children = (
				0C46EC57299DAE9D007EC6C7 /* GuidedLight */,
				0C46EC6E299DAEA0007EC6C7 /* GuidedLightTests */,
				0C46EC78299DAEA0007EC6C7 /* GuidedLightUITests */,
				0C46EC56299DAE9D007EC6C7 /* Products */,
			);
			sourceTree = "<group>";
		};
		0C46EC56299DAE9D007EC6C7 /* Products */ = {
			isa = PBXGroup;
			children = (
				0C46EC55299DAE9D007EC6C7 /* GuidedLight.app */,
				0C46EC6B299DAEA0007EC6C7 /* GuidedLightTests.xctest */,
				0C46EC75299DAEA0007EC6C7 /* GuidedLightUITests.xctest */,
			);
			name = Products;
			sourceTree = "<group>";
		};
		0C46EC57299DAE9D007EC6C7 /* GuidedLight */ = {
			isa = PBXGroup;
			children = (
				0C46EC58299DAE9D007EC6C7 /* AppDelegate.swift */,
				0C46EC5A299DAE9D007EC6C7 /* SceneDelegate.swift */,
				0C46EC5C299DAE9D007EC6C7 /* ViewController.swift */,
				0C46EC5E299DAE9E007EC6C7 /* Main.storyboard */,
				0C46EC61299DAE9F007EC6C7 /* Assets.xcassets */,
				0C46EC63299DAE9F007EC6C7 /* LaunchScreen.storyboard */,
				0C46EC66299DAE9F007EC6C7 /* Info.plist */,
			);
			path = GuidedLight;
			sourceTree = "<group>";
		};
		0C46EC6E299DAEA0007EC6C7 /* GuidedLightTests */ = {
			isa = PBXGroup;
			children = (
				0C46EC6F299DAEA0007EC6C7 /* GuidedLightTests.swift */,
			);
			path = GuidedLightTests;
			sourceTree = "<group>";
		};
		0C46EC78299DAEA0007EC6C7 /* GuidedLightUITests */ = {
			isa = PBXGroup;
			children = (
				0C46EC79299DAEA0007EC6C7 /* GuidedLightUITests.swift */,
				0C46EC7B299DAEA0007EC6C7 /* GuidedLightUITestsLaunchTests.swift */,
			);
			path = GuidedLightUITests;
			sourceTree = "<group>";
		};
/* End PBXGroup section */

/* Begin PBXNativeTarget section */
		0C46EC54299DAE9D007EC6C7 /* GuidedLight */ = {
			isa = PBXNativeTarget;
			buildConfigurationList = 0C46EC7F299DAEA0007EC6C7 /* Build configuration list for PBXNativeTarget "GuidedLight" */;
			buildPhases = (
				0C46EC51299DAE9D007EC6C7 /* Sources */,
				0C46EC52299DAE9D007EC6C7 /* Frameworks */,
				0C46EC53299DAE9D007EC6C7 /* Resources */,
			);
			buildRules = (
			);
			dependencies = (
			);
			name = GuidedLight;
			productName = GuidedLight;
			productReference = 0C46EC55299DAE9D007EC6C7 /* GuidedLight.app */;
			productType = "com.apple.product-type.application";
		};
		0C46EC6A299DAEA0007EC6C7 /* GuidedLightTests */ = {
			isa = PBXNativeTarget;
			buildConfigurationList = 0C46EC82299DAEA0007EC6C7 /* Build configuration list for PBXNativeTarget "GuidedLightTests" */;
			buildPhases = (
				0C46EC67299DAEA0007EC6C7 /* Sources */,
				0C46EC68299DAEA0007EC6C7 /* Frameworks */,
				0C46EC69299DAEA0007EC6C7 /* Resources */,
			);
			buildRules = (
			);
			dependencies = (
				0C46EC6D299DAEA0007EC6C7 /* PBXTargetDependency */,
			);
			name = GuidedLightTests;
			productName = GuidedLightTests;
			productReference = 0C46EC6B299DAEA0007EC6C7 /* GuidedLightTests.xctest */;
			productType = "com.apple.product-type.bundle.unit-test";
		};
		0C46EC74299DAEA0007EC6C7 /* GuidedLightUITests */ = {
			isa = PBXNativeTarget;
			buildConfigurationList = 0C46EC85299DAEA0007EC6C7 /* Build configuration list for PBXNativeTarget "GuidedLightUITests" */;
			buildPhases = (
				0C46EC71299DAEA0007EC6C7 /* Sources */,
				0C46EC72299DAEA0007EC6C7 /* Frameworks */,
				0C46EC73299DAEA0007EC6C7 /* Resources */,
			);
			buildRules = (
			);
			dependencies = (
				0C46EC77299DAEA0007EC6C7 /* PBXTargetDependency */,
			);
			name = GuidedLightUITests;
			productName = GuidedLightUITests;
			productReference = 0C46EC75299DAEA0007EC6C7 /* GuidedLightUITests.xctest */;
			productType = "com.apple.product-type.bundle.ui-testing";
		};
/* End PBXNativeTarget section */

/* Begin PBXProject section */
		0C46EC4D299DAE9D007EC6C7 /* Project object */ = {
			isa = PBXProject;
			attributes = {
				BuildIndependentTargetsInParallel = 1;
				LastSwiftUpdateCheck = 1420;
				LastUpgradeCheck = 1420;
				TargetAttributes = {
					0C46EC54299DAE9D007EC6C7 = {
						CreatedOnToolsVersion = 14.2;
					};
					0C46EC6A299DAEA0007EC6C7 = {
						CreatedOnToolsVersion = 14.2;
						TestTargetID = 0C46EC54299DAE9D007EC6C7;
					};
					0C46EC74299DAEA0007EC6C7 = {
						CreatedOnToolsVersion = 14.2;
						TestTargetID = 0C46EC54299DAE9D007EC6C7;
					};
				};
			};
			buildConfigurationList = 0C46EC50299DAE9D007EC6C7 /* Build configuration list for PBXProject "GuidedLight" */;
			compatibilityVersion = "Xcode 14.0";
			developmentRegion = en;
			hasScannedForEncodings = 0;
			knownRegions = (
				en,
				Base,
			);
			mainGroup = 0C46EC4C299DAE9D007EC6C7;
			productRefGroup = 0C46EC56299DAE9D007EC6C7 /* Products */;
			projectDirPath = "";
			projectRoot = "";
			targets = (
				0C46EC54299DAE9D007EC6C7 /* GuidedLight */,
				0C46EC6A299DAEA0007EC6C7 /* GuidedLightTests */,
				0C46EC74299DAEA0007EC6C7 /* GuidedLightUITests */,
			);
		};
/* End PBXProject section */

/* Begin PBXResourcesBuildPhase section */
		0C46EC53299DAE9D007EC6C7 /* Resources */ = {
			isa = PBXResourcesBuildPhase;
			buildActionMask = 2147483647;
			files = (
				0C46EC65299DAE9F007EC6C7 /* LaunchScreen.storyboard in Resources */,
				0C46EC62299DAE9F007EC6C7 /* Assets.xcassets in Resources */,
				0C46EC60299DAE9E007EC6C7 /* Main.storyboard in Resources */,
			);
			runOnlyForDeploymentPostprocessing = 0;
		};
		0C46EC69299DAEA0007EC6C7 /* Resources */ = {
			isa = PBXResourcesBuildPhase;
			buildActionMask = 2147483647;
			files = (
			);
			runOnlyForDeploymentPostprocessing = 0;
		};
		0C46EC73299DAEA0007EC6C7 /* Resources */ = {
			isa = PBXResourcesBuildPhase;
			buildActionMask = 2147483647;
			files = (
			);
			runOnlyForDeploymentPostprocessing = 0;
		};
/* End PBXResourcesBuildPhase section */

/* Begin PBXSourcesBuildPhase section */
		0C46EC51299DAE9D007EC6C7 /* Sources */ = {
			isa = PBXSourcesBuildPhase;
			buildActionMask = 2147483647;
			files = (
				0C46EC5D299DAE9D007EC6C7 /* ViewController.swift in Sources */,
				0C46EC59299DAE9D007EC6C7 /* AppDelegate.swift in Sources */,
				0C46EC5B299DAE9D007EC6C7 /* SceneDelegate.swift in Sources */,
			);
			runOnlyForDeploymentPostprocessing = 0;
		};
		0C46EC67299DAEA0007EC6C7 /* Sources */ = {
			isa = PBXSourcesBuildPhase;
			buildActionMask = 2147483647;
			files = (
				0C46EC70299DAEA0007EC6C7 /* GuidedLightTests.swift in Sources */,
			);
			runOnlyForDeploymentPostprocessing = 0;
		};
		0C46EC71299DAEA0007EC6C7 /* Sources */ = {
			isa = PBXSourcesBuildPhase;
			buildActionMask = 2147483647;
			files = (
				0C46EC7A299DAEA0007EC6C7 /* GuidedLightUITests.swift in Sources */,
				0C46EC7C299DAEA0007EC6C7 /* GuidedLightUITestsLaunchTests.swift in Sources */,
			);
			runOnlyForDeploymentPostprocessing = 0;
		};
/* End PBXSourcesBuildPhase section */

/* Begin PBXTargetDependency section */
		0C46EC6D299DAEA0007EC6C7 /* PBXTargetDependency */ = {
			isa = PBXTargetDependency;
			target = 0C46EC54299DAE9D007EC6C7 /* GuidedLight */;
			targetProxy = 0C46EC6C299DAEA0007EC6C7 /* PBXContainerItemProxy */;
		};
		0C46EC77299DAEA0007EC6C7 /* PBXTargetDependency */ = {
			isa = PBXTargetDependency;
			target = 0C46EC54299DAE9D007EC6C7 /* GuidedLight */;
			targetProxy = 0C46EC76299DAEA0007EC6C7 /* PBXContainerItemProxy */;
		};
/* End PBXTargetDependency section */

/* Begin PBXVariantGroup section */
		0C46EC5E299DAE9E007EC6C7 /* Main.storyboard */ = {
			isa = PBXVariantGroup;
			children = (
				0C46EC5F299DAE9E007EC6C7 /* Base */,
			);
			name = Main.storyboard;
			sourceTree = "<group>";
		};
		0C46EC63299DAE9F007EC6C7 /* LaunchScreen.storyboard */ = {
			isa = PBXVariantGroup;
			children = (
				0C46EC64299DAE9F007EC6C7 /* Base */,
			);
			name = LaunchScreen.storyboard;
			sourceTree = "<group>";
		};
/* End PBXVariantGroup section */

/* Begin XCBuildConfiguration section */
		0C46EC7D299DAEA0007EC6C7 /* Debug */ = {
			isa = XCBuildConfiguration;
			buildSettings = {
				ALWAYS_SEARCH_USER_PATHS = NO;
				CLANG_ANALYZER_NONNULL = YES;
				CLANG_ANALYZER_NUMBER_OBJECT_CONVERSION = YES_AGGRESSIVE;
				CLANG_CXX_LANGUAGE_STANDARD = "gnu++20";
				CLANG_ENABLE_MODULES = YES;
				CLANG_ENABLE_OBJC_ARC = YES;
				CLANG_ENABLE_OBJC_WEAK = YES;
				CLANG_WARN_BLOCK_CAPTURE_AUTORELEASING = YES;
				CLANG_WARN_BOOL_CONVERSION = YES;
				CLANG_WARN_COMMA = YES;
				CLANG_WARN_CONSTANT_CONVERSION = YES;
				CLANG_WARN_DEPRECATED_OBJC_IMPLEMENTATIONS = YES;
				CLANG_WARN_DIRECT_OBJC_ISA_USAGE = YES_ERROR;
				CLANG_WARN_DOCUMENTATION_COMMENTS = YES;
				CLANG_WARN_EMPTY_BODY = YES;
				CLANG_WARN_ENUM_CONVERSION = YES;
				CLANG_WARN_INFINITE_RECURSION = YES;
				CLANG_WARN_INT_CONVERSION = YES;
				CLANG_WARN_NON_LITERAL_NULL_CONVERSION = YES;
				CLANG_WARN_OBJC_IMPLICIT_RETAIN_SELF = YES;
				CLANG_WARN_OBJC_LITERAL_CONVERSION = YES;
				CLANG_WARN_OBJC_ROOT_CLASS = YES_ERROR;
				CLANG_WARN_QUOTED_INCLUDE_IN_FRAMEWORK_HEADER = YES;
				CLANG_WARN_RANGE_LOOP_ANALYSIS = YES;
				CLANG_WARN_STRICT_PROTOTYPES = YES;
				CLANG_WARN_SUSPICIOUS_MOVE = YES;
				CLANG_WARN_UNGUARDED_AVAILABILITY = YES_AGGRESSIVE;
				CLANG_WARN_UNREACHABLE_CODE = YES;
				CLANG_WARN__DUPLICATE_METHOD_MATCH = YES;
				COPY_PHASE_STRIP = NO;
				DEBUG_INFORMATION_FORMAT = dwarf;
				ENABLE_STRICT_OBJC_MSGSEND = YES;
				ENABLE_TESTABILITY = YES;
				GCC_C_LANGUAGE_STANDARD = gnu11;
				GCC_DYNAMIC_NO_PIC = NO;
				GCC_NO_COMMON_BLOCKS = YES;
				GCC_OPTIMIZATION_LEVEL = 0;
				GCC_PREPROCESSOR_DEFINITIONS = (
					"DEBUG=1",
					"$(inherited)",
				);
				GCC_WARN_64_TO_32_BIT_CONVERSION = YES;
				GCC_WARN_ABOUT_RETURN_TYPE = YES_ERROR;
				GCC_WARN_UNDECLARED_SELECTOR = YES;
				GCC_WARN_UNINITIALIZED_AUTOS = YES_AGGRESSIVE;
				GCC_WARN_UNUSED_FUNCTION = YES;
				GCC_WARN_UNUSED_VARIABLE = YES;
				IPHONEOS_DEPLOYMENT_TARGET = 16.2;
				MTL_ENABLE_DEBUG_INFO = INCLUDE_SOURCE;
				MTL_FAST_MATH = YES;
				ONLY_ACTIVE_ARCH = YES;
				SDKROOT = iphoneos;
				SWIFT_ACTIVE_COMPILATION_CONDITIONS = DEBUG;
				SWIFT_OPTIMIZATION_LEVEL = "-Onone";
			};
			name = Debug;
		};
		0C46EC7E299DAEA0007EC6C7 /* Release */ = {
			isa = XCBuildConfiguration;
			buildSettings = {
				ALWAYS_SEARCH_USER_PATHS = NO;
				CLANG_ANALYZER_NONNULL = YES;
				CLANG_ANALYZER_NUMBER_OBJECT_CONVERSION = YES_AGGRESSIVE;
				CLANG_CXX_LANGUAGE_STANDARD = "gnu++20";
				CLANG_ENABLE_MODULES = YES;
				CLANG_ENABLE_OBJC_ARC = YES;
				CLANG_ENABLE_OBJC_WEAK = YES;
				CLANG_WARN_BLOCK_CAPTURE_AUTORELEASING = YES;
				CLANG_WARN_BOOL_CONVERSION = YES;
				CLANG_WARN_COMMA = YES;
				CLANG_WARN_CONSTANT_CONVERSION = YES;
				CLANG_WARN_DEPRECATED_OBJC_IMPLEMENTATIONS = YES;
				CLANG_WARN_DIRECT_OBJC_ISA_USAGE = YES_ERROR;
				CLANG_WARN_DOCUMENTATION_COMMENTS = YES;
				CLANG_WARN_EMPTY_BODY = YES;
				CLANG_WARN_ENUM_CONVERSION = YES;
				CLANG_WARN_INFINITE_RECURSION = YES;
				CLANG_WARN_INT_CONVERSION = YES;
				CLANG_WARN_NON_LITERAL_NULL_CONVERSION = YES;
				CLANG_WARN_OBJC_IMPLICIT_RETAIN_SELF = YES;
				CLANG_WARN_OBJC_LITERAL_CONVERSION = YES;
				CLANG_WARN_OBJC_ROOT_CLASS = YES_ERROR;
				CLANG_WARN_QUOTED_INCLUDE_IN_FRAMEWORK_HEADER = YES;
				CLANG_WARN_RANGE_LOOP_ANALYSIS = YES;
				CLANG_WARN_STRICT_PROTOTYPES = YES;
				CLANG_WARN_SUSPICIOUS_MOVE = YES;
				CLANG_WARN_UNGUARDED_AVAILABILITY = YES_AGGRESSIVE;
				CLANG_WARN_UNREACHABLE_CODE = YES;
				CLANG_WARN__DUPLICATE_METHOD_MATCH = YES;
				COPY_PHASE_STRIP = NO;
				DEBUG_INFORMATION_FORMAT = "dwarf-with-dsym";
				ENABLE_NS_ASSERTIONS = NO;
				ENABLE_STRICT_OBJC_MSGSEND = YES;
				GCC_C_LANGUAGE_STANDARD = gnu11;
				GCC_NO_COMMON_BLOCKS = YES;
				GCC_WARN_64_TO_32_BIT_CONVERSION = YES;
				GCC_WARN_ABOUT_RETURN_TYPE = YES_ERROR;
				GCC_WARN_UNDECLARED_SELECTOR = YES;
				GCC_WARN_UNINITIALIZED_AUTOS = YES_AGGRESSIVE;
				GCC_WARN_UNUSED_FUNCTION = YES;
				GCC_WARN_UNUSED_VARIABLE = YES;
				IPHONEOS_DEPLOYMENT_TARGET = 16.2;
				MTL_ENABLE_DEBUG_INFO = NO;
				MTL_FAST_MATH = YES;
				SDKROOT = iphoneos;
				SWIFT_COMPILATION_MODE = wholemodule;
				SWIFT_OPTIMIZATION_LEVEL = "-O";
				VALIDATE_PRODUCT = YES;
			};
			name = Release;
		};
		0C46EC80299DAEA0007EC6C7 /* Debug */ = {
			isa = XCBuildConfiguration;
			buildSettings = {
				ASSETCATALOG_COMPILER_APPICON_NAME = AppIcon;
				ASSETCATALOG_COMPILER_GLOBAL_ACCENT_COLOR_NAME = AccentColor;
				CODE_SIGN_STYLE = Automatic;
				CURRENT_PROJECT_VERSION = 1;
				GENERATE_INFOPLIST_FILE = YES;
				INFOPLIST_FILE = GuidedLight/Info.plist;
				INFOPLIST_KEY_UIApplicationSupportsIndirectInputEvents = YES;
				INFOPLIST_KEY_UILaunchStoryboardName = LaunchScreen;
				INFOPLIST_KEY_UIMainStoryboardFile = Main;
				INFOPLIST_KEY_UISupportedInterfaceOrientations_iPad = "UIInterfaceOrientationPortrait UIInterfaceOrientationPortraitUpsideDown UIInterfaceOrientationLandscapeLeft UIInterfaceOrientationLandscapeRight";
				INFOPLIST_KEY_UISupportedInterfaceOrientations_iPhone = "UIInterfaceOrientationPortrait UIInterfaceOrientationLandscapeLeft UIInterfaceOrientationLandscapeRight";
				LD_RUNPATH_SEARCH_PATHS = (
					"$(inherited)",
					"@executable_path/Frameworks",
				);
				MARKETING_VERSION = 1.0;
				PRODUCT_BUNDLE_IDENTIFIER = snyder.ciat.GuidedLight;
				PRODUCT_NAME = "$(TARGET_NAME)";
				SWIFT_EMIT_LOC_STRINGS = YES;
				SWIFT_VERSION = 5.0;
				TARGETED_DEVICE_FAMILY = "1,2";
			};
			name = Debug;
		};
		0C46EC81299DAEA0007EC6C7 /* Release */ = {
			isa = XCBuildConfiguration;
			buildSettings = {
				ASSETCATALOG_COMPILER_APPICON_NAME = AppIcon;
				ASSETCATALOG_COMPILER_GLOBAL_ACCENT_COLOR_NAME = AccentColor;
				CODE_SIGN_STYLE = Automatic;
				CURRENT_PROJECT_VERSION = 1;
				GENERATE_INFOPLIST_FILE = YES;
				INFOPLIST_FILE = GuidedLight/Info.plist;
				INFOPLIST_KEY_UIApplicationSupportsIndirectInputEvents = YES;
				INFOPLIST_KEY_UILaunchStoryboardName = LaunchScreen;
				INFOPLIST_KEY_UIMainStoryboardFile = Main;
				INFOPLIST_KEY_UISupportedInterfaceOrientations_iPad = "UIInterfaceOrientationPortrait UIInterfaceOrientationPortraitUpsideDown UIInterfaceOrientationLandscapeLeft UIInterfaceOrientationLandscapeRight";
				INFOPLIST_KEY_UISupportedInterfaceOrientations_iPhone = "UIInterfaceOrientationPortrait UIInterfaceOrientationLandscapeLeft UIInterfaceOrientationLandscapeRight";
				LD_RUNPATH_SEARCH_PATHS = (
					"$(inherited)",
					"@executable_path/Frameworks",
				);
				MARKETING_VERSION = 1.0;
				PRODUCT_BUNDLE_IDENTIFIER = snyder.ciat.GuidedLight;
				PRODUCT_NAME = "$(TARGET_NAME)";
				SWIFT_EMIT_LOC_STRINGS = YES;
				SWIFT_VERSION = 5.0;
				TARGETED_DEVICE_FAMILY = "1,2";
			};
			name = Release;
		};
		0C46EC83299DAEA0007EC6C7 /* Debug */ = {
			isa = XCBuildConfiguration;
			buildSettings = {
				ALWAYS_EMBED_SWIFT_STANDARD_LIBRARIES = YES;
				BUNDLE_LOADER = "$(TEST_HOST)";
				CODE_SIGN_STYLE = Automatic;
				CURRENT_PROJECT_VERSION = 1;
				GENERATE_INFOPLIST_FILE = YES;
				IPHONEOS_DEPLOYMENT_TARGET = 16.2;
				MARKETING_VERSION = 1.0;
				PRODUCT_BUNDLE_IDENTIFIER = snyder.ciat.GuidedLightTests;
				PRODUCT_NAME = "$(TARGET_NAME)";
				SWIFT_EMIT_LOC_STRINGS = NO;
				SWIFT_VERSION = 5.0;
				TARGETED_DEVICE_FAMILY = "1,2";
				TEST_HOST = "$(BUILT_PRODUCTS_DIR)/GuidedLight.app/$(BUNDLE_EXECUTABLE_FOLDER_PATH)/GuidedLight";
			};
			name = Debug;
		};
		0C46EC84299DAEA0007EC6C7 /* Release */ = {
			isa = XCBuildConfiguration;
			buildSettings = {
				ALWAYS_EMBED_SWIFT_STANDARD_LIBRARIES = YES;
				BUNDLE_LOADER = "$(TEST_HOST)";
				CODE_SIGN_STYLE = Automatic;
				CURRENT_PROJECT_VERSION = 1;
				GENERATE_INFOPLIST_FILE = YES;
				IPHONEOS_DEPLOYMENT_TARGET = 16.2;
				MARKETING_VERSION = 1.0;
				PRODUCT_BUNDLE_IDENTIFIER = snyder.ciat.GuidedLightTests;
				PRODUCT_NAME = "$(TARGET_NAME)";
				SWIFT_EMIT_LOC_STRINGS = NO;
				SWIFT_VERSION = 5.0;
				TARGETED_DEVICE_FAMILY = "1,2";
				TEST_HOST = "$(BUILT_PRODUCTS_DIR)/GuidedLight.app/$(BUNDLE_EXECUTABLE_FOLDER_PATH)/GuidedLight";
			};
			name = Release;
		};
		0C46EC86299DAEA0007EC6C7 /* Debug */ = {
			isa = XCBuildConfiguration;
			buildSettings = {
				ALWAYS_EMBED_SWIFT_STANDARD_LIBRARIES = YES;
				CODE_SIGN_STYLE = Automatic;
				CURRENT_PROJECT_VERSION = 1;
				GENERATE_INFOPLIST_FILE = YES;
				MARKETING_VERSION = 1.0;
				PRODUCT_BUNDLE_IDENTIFIER = snyder.ciat.GuidedLightUITests;
				PRODUCT_NAME = "$(TARGET_NAME)";
				SWIFT_EMIT_LOC_STRINGS = NO;
				SWIFT_VERSION = 5.0;
				TARGETED_DEVICE_FAMILY = "1,2";
				TEST_TARGET_NAME = GuidedLight;
			};
			name = Debug;
		};
		0C46EC87299DAEA0007EC6C7 /* Release */ = {
			isa = XCBuildConfiguration;
			buildSettings = {
				ALWAYS_EMBED_SWIFT_STANDARD_LIBRARIES = YES;
				CODE_SIGN_STYLE = Automatic;
				CURRENT_PROJECT_VERSION = 1;
				GENERATE_INFOPLIST_FILE = YES;
				MARKETING_VERSION = 1.0;
				PRODUCT_BUNDLE_IDENTIFIER = snyder.ciat.GuidedLightUITests;
				PRODUCT_NAME = "$(TARGET_NAME)";
				SWIFT_EMIT_LOC_STRINGS = NO;
				SWIFT_VERSION = 5.0;
				TARGETED_DEVICE_FAMILY = "1,2";
				TEST_TARGET_NAME = GuidedLight;
			};
			name = Release;
		};
/* End XCBuildConfiguration section */

/* Begin XCConfigurationList section */
		0C46EC50299DAE9D007EC6C7 /* Build configuration list for PBXProject "GuidedLight" */ = {
			isa = XCConfigurationList;
			buildConfigurations = (
				0C46EC7D299DAEA0007EC6C7 /* Debug */,
				0C46EC7E299DAEA0007EC6C7 /* Release */,
			);
			defaultConfigurationIsVisible = 0;
			defaultConfigurationName = Release;
		};
		0C46EC7F299DAEA0007EC6C7 /* Build configuration list for PBXNativeTarget "GuidedLight" */ = {
			isa = XCConfigurationList;
			buildConfigurations = (
				0C46EC80299DAEA0007EC6C7 /* Debug */,
				0C46EC81299DAEA0007EC6C7 /* Release */,
			);
			defaultConfigurationIsVisible = 0;
			defaultConfigurationName = Release;
		};
		0C46EC82299DAEA0007EC6C7 /* Build configuration list for PBXNativeTarget "GuidedLightTests" */ = {
			isa = XCConfigurationList;
			buildConfigurations = (
				0C46EC83299DAEA0007EC6C7 /* Debug */,
				0C46EC84299DAEA0007EC6C7 /* Release */,
			);
			defaultConfigurationIsVisible = 0;
			defaultConfigurationName = Release;
		};
		0C46EC85299DAEA0007EC6C7 /* Build configuration list for PBXNativeTarget "GuidedLightUITests" */ = {
			isa = XCConfigurationList;
			buildConfigurations = (
				0C46EC86299DAEA0007EC6C7 /* Debug */,
				0C46EC87299DAEA0007EC6C7 /* Release */,
			);
			defaultConfigurationIsVisible = 0;
			defaultConfigurationName = Release;
		};
/* End XCConfigurationList section */
	};
	rootObject = 0C46EC4D299DAE9D007EC6C7 /* Project object */;
}
